# This file is automatically @generated by Cargo.
# It is not intended for manual editing.
version = 4

[[package]]
name = "memeora"
version = "0.0.0"
dependencies = [
 "memeora-client",
 "memeora-proto",
]

[[package]]
name = "memeora-client"
version = "0.0.0"
dependencies = [
 "memeora-proto",
]

[[package]]
name = "memeora-core"
version = "0.0.0"

[[package]]
name = "memeora-daemon"
version = "0.0.0"
dependencies = [
 "memeora-core",
 "memeora-mcp",
 "memeora-proto",
]

[[package]]
name = "memeora-hook"
version = "0.0.0"
dependencies = [
 "memeora-client",
 "memeora-proto",
]

[[package]]
name = "memeora-mcp"
version = "0.0.0"
dependencies = [
 "memeora-client",
 "memeora-proto",
]

[[package]]
name = "memeora-proto"
version = "0.0.0"
